
Microsoft Visual Studio Solution File, Format Version 12.00
# Visual Studio Version 17
VisualStudioVersion = 17.7.34009.444
MinimumVisualStudioVersion = 10.0.40219.1
Project("{FAE04EC0-301F-11D3-BF4B-00C04F79EFBC}") = "Intro", "Intro\Intro.csproj", "{47B4F329-7058-47B1-8068-223ED8F16E7B}"
EndProject
Global
	GlobalSection(SolutionConfigurationPlatforms) = preSolution
		Debug|Any CPU = Debug|Any CPU
		Release|Any CPU = Release|Any CPU
	EndGlobalSection
	GlobalSection(ProjectConfigurationPlatforms) = postSolution
		{47B4F329-7058-47B1-8068-223ED8F16E7B}.Debug|Any CPU.ActiveCfg = Debug|Any CPU
		{47B4F329-7058-47B1-8068-223ED8F16E7B}.Debug|Any CPU.Build.0 = Debug|Any CPU
		{47B4F329-7058-47B1-8068-223ED8F16E7B}.Release|Any CPU.ActiveCfg = Release|Any CPU
		{47B4F329-7058-47B1-8068-223ED8F16E7B}.Release|Any CPU.Build.0 = Release|Any CPU
	EndGlobalSection
	GlobalSection(SolutionProperties) = preSolution
		HideSolutionNode = FALSE
	EndGlobalSection
	GlobalSection(ExtensibilityGlobals) = postSolution
		SolutionGuid = {A8AEC31A-37C0-49F5-ACA8-EE0CF3F80298}
	EndGlobalSection
EndGlobal
